Microsoft Visual Studio Solution File, Format Version 11.00
# Visual Studio 2008

Project("{35095B72-D1CA-944D-C46D-FDB7DB0874D4}") = "TestAR", "Assembly-CSharp.csproj", "{D085D838-9264-3B1F-4BD4-5589EF5CF482}"
EndProject
Project("{35095B72-D1CA-944D-C46D-FDB7DB0874D4}") = "TestAR", "Assembly-CSharp-Editor.csproj", "{9551A8D6-319A-1CCD-94BA-5E389CA7E5E3}"
EndProject
Project("{35095B72-D1CA-944D-C46D-FDB7DB0874D4}") = "TestAR", "Assembly-UnityScript-Editor-firstpass.unityproj", "{C6D05994-0051-8BB7-E342-ED31B8B975D4}"
EndProject
Global
	GlobalSection(SolutionConfigurationPlatforms) = preSolution
		Debug|Any CPU = Debug|Any CPU
		Release|Any CPU = Release|Any CPU
	EndGlobalSection
	GlobalSection(ProjectConfigurationPlatforms) = postSolution
		{D085D838-9264-3B1F-4BD4-5589EF5CF482}.Debug|Any CPU.ActiveCfg = Debug|Any CPU
		{D085D838-9264-3B1F-4BD4-5589EF5CF482}.Debug|Any CPU.Build.0 = Debug|Any CPU
		{D085D838-9264-3B1F-4BD4-5589EF5CF482}.Release|Any CPU.ActiveCfg = Release|Any CPU
		{D085D838-9264-3B1F-4BD4-5589EF5CF482}.Release|Any CPU.Build.0 = Release|Any CPU
		{9551A8D6-319A-1CCD-94BA-5E389CA7E5E3}.Debug|Any CPU.ActiveCfg = Debug|Any CPU
		{9551A8D6-319A-1CCD-94BA-5E389CA7E5E3}.Debug|Any CPU.Build.0 = Debug|Any CPU
		{9551A8D6-319A-1CCD-94BA-5E389CA7E5E3}.Release|Any CPU.ActiveCfg = Release|Any CPU
		{9551A8D6-319A-1CCD-94BA-5E389CA7E5E3}.Release|Any CPU.Build.0 = Release|Any CPU
		{C6D05994-0051-8BB7-E342-ED31B8B975D4}.Debug|Any CPU.ActiveCfg = Debug|Any CPU
		{C6D05994-0051-8BB7-E342-ED31B8B975D4}.Debug|Any CPU.Build.0 = Debug|Any CPU
		{C6D05994-0051-8BB7-E342-ED31B8B975D4}.Release|Any CPU.ActiveCfg = Release|Any CPU
		{C6D05994-0051-8BB7-E342-ED31B8B975D4}.Release|Any CPU.Build.0 = Release|Any CPU
	EndGlobalSection
	GlobalSection(SolutionProperties) = preSolution
		HideSolutionNode = FALSE
	EndGlobalSection
	GlobalSection(MonoDevelopProperties) = preSolution
		StartupItem = Assembly-CSharp.csproj
	EndGlobalSection
EndGlobal
